
Microsoft Visual Studio Solution File, Format Version 12.00
Project("{2150E333-8FDC-42A3-9474-1A3956D46DE8}") = "Source", "Source", "{8ECBE618-E043-41CE-9B05-43E4289ECB1B}"
EndProject
Project("{2150E333-8FDC-42A3-9474-1A3956D46DE8}") = "Tests", "Tests", "{FAFCAF6C-2E08-4D71-A86E-4F20801957B7}"
EndProject
Project("{2150E333-8FDC-42A3-9474-1A3956D46DE8}") = "Client", "Client", "{6B2212C5-7A82-4EE6-9351-D6ED559FED3A}"
EndProject
Project("{FAE04EC0-301F-11D3-BF4B-00C04F79EFBC}") = "AutoTrading.Api", "AutoTrading.Api\AutoTrading.Api.csproj", "{CD8266E3-4F85-4DFC-A48E-9E76615D6AA0}"
EndProject
Project("{2150E333-8FDC-42A3-9474-1A3956D46DE8}") = "Libraries", "Libraries", "{0A321D36-774C-46E3-84F1-F231A4AE9E21}"
EndProject
Project("{FAE04EC0-301F-11D3-BF4B-00C04F79EFBC}") = "AutoTrading.Domain", "AutoTrading.Domain\AutoTrading.Domain.csproj", "{36FB2BFC-194A-4F81-A760-918ADEF57A95}"
EndProject
Project("{FAE04EC0-301F-11D3-BF4B-00C04F79EFBC}") = "AutoTrading.Infrastructure", "AutoTrading.Infrastructure\AutoTrading.Infrastructure.csproj", "{FC703487-9B94-446C-B8A4-135E4755145D}"
EndProject
Project("{FAE04EC0-301F-11D3-BF4B-00C04F79EFBC}") = "AutoTrading.Application", "AutoTrading.Application\AutoTrading.Application.csproj", "{E567785A-A3EC-4368-8138-43C12FF2A925}"
EndProject
Project("{2150E333-8FDC-42A3-9474-1A3956D46DE8}") = "Tools", "Tools", "{94956B08-93C4-4B85-BBDC-6AA2E87619E7}"
EndProject
Project("{FAE04EC0-301F-11D3-BF4B-00C04F79EFBC}") = "Application.FunctionalTests", "Application.FunctionalTests\Application.FunctionalTests.csproj", "{4182E6EE-9EE6-42E0-8B2E-66A94D0392E0}"
EndProject
Project("{FAE04EC0-301F-11D3-BF4B-00C04F79EFBC}") = "Application.UnitTests", "Application.UnitTests\Application.UnitTests.csproj", "{D30683F8-971A-4F88-AAE1-DB82C9D9FFE1}"
EndProject
Project("{FAE04EC0-301F-11D3-BF4B-00C04F79EFBC}") = "Domain.UnitTests", "Domain.UnitTests\Domain.UnitTests.csproj", "{210537EC-F46E-4F59-A619-A7478351BFDF}"
EndProject
Project("{FAE04EC0-301F-11D3-BF4B-00C04F79EFBC}") = "Infrastructure.IntegrationTests", "Infrastructure.IntegrationTests\Infrastructure.IntegrationTests.csproj", "{4DFBA1F9-1B87-418A-BCE3-EA2B2A2DC55C}"
EndProject
Project("{FAE04EC0-301F-11D3-BF4B-00C04F79EFBC}") = "AutoTrading.Shared", "AutoTrading.Shared\AutoTrading.Shared.csproj", "{C25C75F3-10A8-4A3C-BF30-A903DDBF3B66}"
EndProject
Project("{FAE04EC0-301F-11D3-BF4B-00C04F79EFBC}") = "AutoTrading.Tool", "AutoTrading.Tool\AutoTrading.Tool.csproj", "{713010DB-BCC6-4290-9D59-87D222D49C53}"
EndProject
Project("{FAE04EC0-301F-11D3-BF4B-00C04F79EFBC}") = "AutoTrading.Client", "AutoTrading.Client\AutoTrading.Client.csproj", "{BD971B89-BD42-4B2C-B04A-4DCB6C016688}"
EndProject
Global
	GlobalSection(SolutionConfigurationPlatforms) = preSolution
		Debug|Any CPU = Debug|Any CPU
		Release|Any CPU = Release|Any CPU
	EndGlobalSection
	GlobalSection(NestedProjects) = preSolution
		{6B2212C5-7A82-4EE6-9351-D6ED559FED3A} = {8ECBE618-E043-41CE-9B05-43E4289ECB1B}
		{CD8266E3-4F85-4DFC-A48E-9E76615D6AA0} = {6B2212C5-7A82-4EE6-9351-D6ED559FED3A}
		{0A321D36-774C-46E3-84F1-F231A4AE9E21} = {8ECBE618-E043-41CE-9B05-43E4289ECB1B}
		{36FB2BFC-194A-4F81-A760-918ADEF57A95} = {0A321D36-774C-46E3-84F1-F231A4AE9E21}
		{FC703487-9B94-446C-B8A4-135E4755145D} = {0A321D36-774C-46E3-84F1-F231A4AE9E21}
		{E567785A-A3EC-4368-8138-43C12FF2A925} = {0A321D36-774C-46E3-84F1-F231A4AE9E21}
		{94956B08-93C4-4B85-BBDC-6AA2E87619E7} = {8ECBE618-E043-41CE-9B05-43E4289ECB1B}
		{4182E6EE-9EE6-42E0-8B2E-66A94D0392E0} = {FAFCAF6C-2E08-4D71-A86E-4F20801957B7}
		{D30683F8-971A-4F88-AAE1-DB82C9D9FFE1} = {FAFCAF6C-2E08-4D71-A86E-4F20801957B7}
		{210537EC-F46E-4F59-A619-A7478351BFDF} = {FAFCAF6C-2E08-4D71-A86E-4F20801957B7}
		{4DFBA1F9-1B87-418A-BCE3-EA2B2A2DC55C} = {FAFCAF6C-2E08-4D71-A86E-4F20801957B7}
		{C25C75F3-10A8-4A3C-BF30-A903DDBF3B66} = {0A321D36-774C-46E3-84F1-F231A4AE9E21}
		{713010DB-BCC6-4290-9D59-87D222D49C53} = {94956B08-93C4-4B85-BBDC-6AA2E87619E7}
		{BD971B89-BD42-4B2C-B04A-4DCB6C016688} = {6B2212C5-7A82-4EE6-9351-D6ED559FED3A}
	EndGlobalSection
	GlobalSection(ProjectConfigurationPlatforms) = postSolution
		{CD8266E3-4F85-4DFC-A48E-9E76615D6AA0}.Debug|Any CPU.ActiveCfg = Debug|Any CPU
		{CD8266E3-4F85-4DFC-A48E-9E76615D6AA0}.Debug|Any CPU.Build.0 = Debug|Any CPU
		{CD8266E3-4F85-4DFC-A48E-9E76615D6AA0}.Release|Any CPU.ActiveCfg = Release|Any CPU
		{CD8266E3-4F85-4DFC-A48E-9E76615D6AA0}.Release|Any CPU.Build.0 = Release|Any CPU
		{36FB2BFC-194A-4F81-A760-918ADEF57A95}.Debug|Any CPU.ActiveCfg = Debug|Any CPU
		{36FB2BFC-194A-4F81-A760-918ADEF57A95}.Debug|Any CPU.Build.0 = Debug|Any CPU
		{36FB2BFC-194A-4F81-A760-918ADEF57A95}.Release|Any CPU.ActiveCfg = Release|Any CPU
		{36FB2BFC-194A-4F81-A760-918ADEF57A95}.Release|Any CPU.Build.0 = Release|Any CPU
		{FC703487-9B94-446C-B8A4-135E4755145D}.Debug|Any CPU.ActiveCfg = Debug|Any CPU
		{FC703487-9B94-446C-B8A4-135E4755145D}.Debug|Any CPU.Build.0 = Debug|Any CPU
		{FC703487-9B94-446C-B8A4-135E4755145D}.Release|Any CPU.ActiveCfg = Release|Any CPU
		{FC703487-9B94-446C-B8A4-135E4755145D}.Release|Any CPU.Build.0 = Release|Any CPU
		{E567785A-A3EC-4368-8138-43C12FF2A925}.Debug|Any CPU.ActiveCfg = Debug|Any CPU
		{E567785A-A3EC-4368-8138-43C12FF2A925}.Debug|Any CPU.Build.0 = Debug|Any CPU
		{E567785A-A3EC-4368-8138-43C12FF2A925}.Release|Any CPU.ActiveCfg = Release|Any CPU
		{E567785A-A3EC-4368-8138-43C12FF2A925}.Release|Any CPU.Build.0 = Release|Any CPU
		{4182E6EE-9EE6-42E0-8B2E-66A94D0392E0}.Debug|Any CPU.ActiveCfg = Debug|Any CPU
		{4182E6EE-9EE6-42E0-8B2E-66A94D0392E0}.Debug|Any CPU.Build.0 = Debug|Any CPU
		{4182E6EE-9EE6-42E0-8B2E-66A94D0392E0}.Release|Any CPU.ActiveCfg = Release|Any CPU
		{4182E6EE-9EE6-42E0-8B2E-66A94D0392E0}.Release|Any CPU.Build.0 = Release|Any CPU
		{D30683F8-971A-4F88-AAE1-DB82C9D9FFE1}.Debug|Any CPU.ActiveCfg = Debug|Any CPU
		{D30683F8-971A-4F88-AAE1-DB82C9D9FFE1}.Debug|Any CPU.Build.0 = Debug|Any CPU
		{D30683F8-971A-4F88-AAE1-DB82C9D9FFE1}.Release|Any CPU.ActiveCfg = Release|Any CPU
		{D30683F8-971A-4F88-AAE1-DB82C9D9FFE1}.Release|Any CPU.Build.0 = Release|Any CPU
		{210537EC-F46E-4F59-A619-A7478351BFDF}.Debug|Any CPU.ActiveCfg = Debug|Any CPU
		{210537EC-F46E-4F59-A619-A7478351BFDF}.Debug|Any CPU.Build.0 = Debug|Any CPU
		{210537EC-F46E-4F59-A619-A7478351BFDF}.Release|Any CPU.ActiveCfg = Release|Any CPU
		{210537EC-F46E-4F59-A619-A7478351BFDF}.Release|Any CPU.Build.0 = Release|Any CPU
		{4DFBA1F9-1B87-418A-BCE3-EA2B2A2DC55C}.Debug|Any CPU.ActiveCfg = Debug|Any CPU
		{4DFBA1F9-1B87-418A-BCE3-EA2B2A2DC55C}.Debug|Any CPU.Build.0 = Debug|Any CPU
		{4DFBA1F9-1B87-418A-BCE3-EA2B2A2DC55C}.Release|Any CPU.ActiveCfg = Release|Any CPU
		{4DFBA1F9-1B87-418A-BCE3-EA2B2A2DC55C}.Release|Any CPU.Build.0 = Release|Any CPU
		{C25C75F3-10A8-4A3C-BF30-A903DDBF3B66}.Debug|Any CPU.ActiveCfg = Debug|Any CPU
		{C25C75F3-10A8-4A3C-BF30-A903DDBF3B66}.Debug|Any CPU.Build.0 = Debug|Any CPU
		{C25C75F3-10A8-4A3C-BF30-A903DDBF3B66}.Release|Any CPU.ActiveCfg = Release|Any CPU
		{C25C75F3-10A8-4A3C-BF30-A903DDBF3B66}.Release|Any CPU.Build.0 = Release|Any CPU
		{713010DB-BCC6-4290-9D59-87D222D49C53}.Debug|Any CPU.ActiveCfg = Debug|Any CPU
		{713010DB-BCC6-4290-9D59-87D222D49C53}.Debug|Any CPU.Build.0 = Debug|Any CPU
		{713010DB-BCC6-4290-9D59-87D222D49C53}.Release|Any CPU.ActiveCfg = Release|Any CPU
		{713010DB-BCC6-4290-9D59-87D222D49C53}.Release|Any CPU.Build.0 = Release|Any CPU
		{BD971B89-BD42-4B2C-B04A-4DCB6C016688}.Debug|Any CPU.ActiveCfg = Debug|Any CPU
		{BD971B89-BD42-4B2C-B04A-4DCB6C016688}.Debug|Any CPU.Build.0 = Debug|Any CPU
		{BD971B89-BD42-4B2C-B04A-4DCB6C016688}.Release|Any CPU.ActiveCfg = Release|Any CPU
		{BD971B89-BD42-4B2C-B04A-4DCB6C016688}.Release|Any CPU.Build.0 = Release|Any CPU
	EndGlobalSection
EndGlobal
